Microsoft Visual Studio Solution File, Format Version 12.00
# Visual Studio 2012
Project("{FAE04EC0-301F-11D3-BF4B-00C04F79EFBC}") = "TspSolver", "TspSolver.csproj", "{559F4AA0-B935-491D-A1DA-30748C8513C0}"
EndProject
Global
	GlobalSection(SolutionConfigurationPlatforms) = preSolution
	Debug|Any CPU = Debug|Any CPU
	ExportDebug|Any CPU = ExportDebug|Any CPU
	ExportRelease|Any CPU = ExportRelease|Any CPU
	EndGlobalSection
	GlobalSection(ProjectConfigurationPlatforms) = postSolution
		{559F4AA0-B935-491D-A1DA-30748C8513C0}.Debug|Any CPU.ActiveCfg = Debug|Any CPU
		{559F4AA0-B935-491D-A1DA-30748C8513C0}.Debug|Any CPU.Build.0 = Debug|Any CPU
		{559F4AA0-B935-491D-A1DA-30748C8513C0}.ExportDebug|Any CPU.ActiveCfg = ExportDebug|Any CPU
		{559F4AA0-B935-491D-A1DA-30748C8513C0}.ExportDebug|Any CPU.Build.0 = ExportDebug|Any CPU
		{559F4AA0-B935-491D-A1DA-30748C8513C0}.ExportRelease|Any CPU.ActiveCfg = ExportRelease|Any CPU
		{559F4AA0-B935-491D-A1DA-30748C8513C0}.ExportRelease|Any CPU.Build.0 = ExportRelease|Any CPU
	EndGlobalSection
EndGlobal
